
Microsoft Visual Studio Solution File, Format Version 12.00
# Visual Studio Version 17
VisualStudioVersion = 17.8.34408.163
MinimumVisualStudioVersion = 10.0.40219.1
Project("{FAE04EC0-301F-11D3-BF4B-00C04F79EFBC}") = "Biblioteca", "Biblioteca\Biblioteca.csproj", "{FF129779-23C9-446C-993C-94CF2A2C9B94}"
EndProject
Project("{FAE04EC0-301F-11D3-BF4B-00C04F79EFBC}") = "Forms", "Forms\Forms.csproj", "{5725E8E7-7827-4DA0-A03A-38CC6101C62D}"
EndProject
Global
	GlobalSection(SolutionConfigurationPlatforms) = preSolution
		Debug|Any CPU = Debug|Any CPU
		Release|Any CPU = Release|Any CPU
	EndGlobalSection
	GlobalSection(ProjectConfigurationPlatforms) = postSolution
		{FF129779-23C9-446C-993C-94CF2A2C9B94}.Debug|Any CPU.ActiveCfg = Debug|Any CPU
		{FF129779-23C9-446C-993C-94CF2A2C9B94}.Debug|Any CPU.Build.0 = Debug|Any CPU
		{FF129779-23C9-446C-993C-94CF2A2C9B94}.Release|Any CPU.ActiveCfg = Release|Any CPU
		{FF129779-23C9-446C-993C-94CF2A2C9B94}.Release|Any CPU.Build.0 = Release|Any CPU
		{5725E8E7-7827-4DA0-A03A-38CC6101C62D}.Debug|Any CPU.ActiveCfg = Debug|Any CPU
		{5725E8E7-7827-4DA0-A03A-38CC6101C62D}.Debug|Any CPU.Build.0 = Debug|Any CPU
		{5725E8E7-7827-4DA0-A03A-38CC6101C62D}.Release|Any CPU.ActiveCfg = Release|Any CPU
		{5725E8E7-7827-4DA0-A03A-38CC6101C62D}.Release|Any CPU.Build.0 = Release|Any CPU
	EndGlobalSection
	GlobalSection(SolutionProperties) = preSolution
		HideSolutionNode = FALSE
	EndGlobalSection
	GlobalSection(ExtensibilityGlobals) = postSolution
		SolutionGuid = {6A9D21A5-3A3D-4663-9F67-EE9E5DF12A99}
	EndGlobalSection
EndGlobal
